
Microsoft Visual Studio Solution File, Format Version 12.00
# Visual Studio Version 17
VisualStudioVersion = 17.7.34031.279
MinimumVisualStudioVersion = 10.0.40219.1
Project("{FAE04EC0-301F-11D3-BF4B-00C04F79EFBC}") = "VariableNotes", "VariableNotes\VariableNotes.csproj", "{04879025-C2B6-4FCD-85C0-95D0EEFDEBBF}"
EndProject
Global
	GlobalSection(SolutionConfigurationPlatforms) = preSolution
		Debug|Any CPU = Debug|Any CPU
		Release|Any CPU = Release|Any CPU
	EndGlobalSection
	GlobalSection(ProjectConfigurationPlatforms) = postSolution
		{04879025-C2B6-4FCD-85C0-95D0EEFDEBBF}.Debug|Any CPU.ActiveCfg = Debug|Any CPU
		{04879025-C2B6-4FCD-85C0-95D0EEFDEBBF}.Debug|Any CPU.Build.0 = Debug|Any CPU
		{04879025-C2B6-4FCD-85C0-95D0EEFDEBBF}.Release|Any CPU.ActiveCfg = Release|Any CPU
		{04879025-C2B6-4FCD-85C0-95D0EEFDEBBF}.Release|Any CPU.Build.0 = Release|Any CPU
	EndGlobalSection
	GlobalSection(SolutionProperties) = preSolution
		HideSolutionNode = FALSE
	EndGlobalSection
	GlobalSection(ExtensibilityGlobals) = postSolution
		SolutionGuid = {52B5D361-E457-4813-9F29-68F7ED2FCC3A}
	EndGlobalSection
EndGlobal
